
Microsoft Visual Studio Solution File, Format Version 12.00
# Visual Studio Version 16
VisualStudioVersion = 16.0.32228.343
MinimumVisualStudioVersion = 10.0.40219.1
Project("{9A19103F-16F7-4668-BE54-9A1E7A4F7556}") = "DotvvmApp1", "DotvvmApp1.csproj", "{149636FE-61BF-4566-B10F-EDE9F19C11D4}"
EndProject
Global
	GlobalSection(SolutionConfigurationPlatforms) = preSolution
		Debug|Any CPU = Debug|Any CPU
		Release|Any CPU = Release|Any CPU
	EndGlobalSection
	GlobalSection(ProjectConfigurationPlatforms) = postSolution
		{149636FE-61BF-4566-B10F-EDE9F19C11D4}.Debug|Any CPU.ActiveCfg = Debug|Any CPU
		{149636FE-61BF-4566-B10F-EDE9F19C11D4}.Debug|Any CPU.Build.0 = Debug|Any CPU
		{149636FE-61BF-4566-B10F-EDE9F19C11D4}.Release|Any CPU.ActiveCfg = Release|Any CPU
		{149636FE-61BF-4566-B10F-EDE9F19C11D4}.Release|Any CPU.Build.0 = Release|Any CPU
	EndGlobalSection
	GlobalSection(SolutionProperties) = preSolution
		HideSolutionNode = FALSE
	EndGlobalSection
	GlobalSection(ExtensibilityGlobals) = postSolution
		SolutionGuid = {0A9E1D4F-8CF5-4AA1-9774-396203E6495C}
	EndGlobalSection
EndGlobal
